
Microsoft Visual Studio Solution File, Format Version 10.00
# Visual Studio 2008
Project("{8BC9CEB8-8B4A-11D0-8D11-00A0C91BC942}") = "NetHook", "NetHook\NetHook.vcproj", "{04A24EE0-87D6-4CFB-BE63-7A9BC777B1A8}"
EndProject
Project("{FAE04EC0-301F-11D3-BF4B-00C04F79EFBC}") = "SteamKit", "SteamKit\SteamKit.csproj", "{5C00E764-1F76-4E3E-B759-2853DD77C28D}"
EndProject
Project("{FAE04EC0-301F-11D3-BF4B-00C04F79EFBC}") = "SteamTester", "SteamTester\SteamTester.csproj", "{57FD7B34-57EB-42E8-AB08-24A15D5FA568}"
EndProject
Project("{FAE04EC0-301F-11D3-BF4B-00C04F79EFBC}") = "Hasher", "Hasher\Hasher.csproj", "{692B115B-C471-4A36-B7DB-0876ADA83857}"
EndProject
Project("{FAE04EC0-301F-11D3-BF4B-00C04F79EFBC}") = "BlobLib", "BlobLib\BlobLib\BlobLib.csproj", "{DFB5290A-FFCF-46D1-954F-A51711290248}"
EndProject
Global
	GlobalSection(SolutionConfigurationPlatforms) = preSolution
		Debug|Any CPU = Debug|Any CPU
		Debug|Mixed Platforms = Debug|Mixed Platforms
		Debug|Win32 = Debug|Win32
		Release|Any CPU = Release|Any CPU
		Release|Mixed Platforms = Release|Mixed Platforms
		Release|Win32 = Release|Win32
	EndGlobalSection
	GlobalSection(ProjectConfigurationPlatforms) = postSolution
		{04A24EE0-87D6-4CFB-BE63-7A9BC777B1A8}.Debug|Any CPU.ActiveCfg = Debug|Win32
		{04A24EE0-87D6-4CFB-BE63-7A9BC777B1A8}.Debug|Mixed Platforms.ActiveCfg = Debug|Win32
		{04A24EE0-87D6-4CFB-BE63-7A9BC777B1A8}.Debug|Mixed Platforms.Build.0 = Debug|Win32
		{04A24EE0-87D6-4CFB-BE63-7A9BC777B1A8}.Debug|Win32.ActiveCfg = Debug|Win32
		{04A24EE0-87D6-4CFB-BE63-7A9BC777B1A8}.Debug|Win32.Build.0 = Debug|Win32
		{04A24EE0-87D6-4CFB-BE63-7A9BC777B1A8}.Release|Any CPU.ActiveCfg = Release|Win32
		{04A24EE0-87D6-4CFB-BE63-7A9BC777B1A8}.Release|Mixed Platforms.ActiveCfg = Release|Win32
		{04A24EE0-87D6-4CFB-BE63-7A9BC777B1A8}.Release|Mixed Platforms.Build.0 = Release|Win32
		{04A24EE0-87D6-4CFB-BE63-7A9BC777B1A8}.Release|Win32.ActiveCfg = Release|Win32
		{04A24EE0-87D6-4CFB-BE63-7A9BC777B1A8}.Release|Win32.Build.0 = Release|Win32
		{5C00E764-1F76-4E3E-B759-2853DD77C28D}.Debug|Any CPU.ActiveCfg = Debug|Any CPU
		{5C00E764-1F76-4E3E-B759-2853DD77C28D}.Debug|Any CPU.Build.0 = Debug|Any CPU
		{5C00E764-1F76-4E3E-B759-2853DD77C28D}.Debug|Mixed Platforms.ActiveCfg = Debug|Any CPU
		{5C00E764-1F76-4E3E-B759-2853DD77C28D}.Debug|Mixed Platforms.Build.0 = Debug|Any CPU
		{5C00E764-1F76-4E3E-B759-2853DD77C28D}.Debug|Win32.ActiveCfg = Debug|Any CPU
		{5C00E764-1F76-4E3E-B759-2853DD77C28D}.Release|Any CPU.ActiveCfg = Release|Any CPU
		{5C00E764-1F76-4E3E-B759-2853DD77C28D}.Release|Any CPU.Build.0 = Release|Any CPU
		{5C00E764-1F76-4E3E-B759-2853DD77C28D}.Release|Mixed Platforms.ActiveCfg = Release|Any CPU
		{5C00E764-1F76-4E3E-B759-2853DD77C28D}.Release|Mixed Platforms.Build.0 = Release|Any CPU
		{5C00E764-1F76-4E3E-B759-2853DD77C28D}.Release|Win32.ActiveCfg = Release|Any CPU
		{57FD7B34-57EB-42E8-AB08-24A15D5FA568}.Debug|Any CPU.ActiveCfg = Debug|Any CPU
		{57FD7B34-57EB-42E8-AB08-24A15D5FA568}.Debug|Any CPU.Build.0 = Debug|Any CPU
		{57FD7B34-57EB-42E8-AB08-24A15D5FA568}.Debug|Mixed Platforms.ActiveCfg = Debug|Any CPU
		{57FD7B34-57EB-42E8-AB08-24A15D5FA568}.Debug|Mixed Platforms.Build.0 = Debug|Any CPU
		{57FD7B34-57EB-42E8-AB08-24A15D5FA568}.Debug|Win32.ActiveCfg = Debug|Any CPU
		{57FD7B34-57EB-42E8-AB08-24A15D5FA568}.Release|Any CPU.ActiveCfg = Release|Any CPU
		{57FD7B34-57EB-42E8-AB08-24A15D5FA568}.Release|Any CPU.Build.0 = Release|Any CPU
		{57FD7B34-57EB-42E8-AB08-24A15D5FA568}.Release|Mixed Platforms.ActiveCfg = Release|Any CPU
		{57FD7B34-57EB-42E8-AB08-24A15D5FA568}.Release|Mixed Platforms.Build.0 = Release|Any CPU
		{57FD7B34-57EB-42E8-AB08-24A15D5FA568}.Release|Win32.ActiveCfg = Release|Any CPU
		{692B115B-C471-4A36-B7DB-0876ADA83857}.Debug|Any CPU.ActiveCfg = Debug|Any CPU
		{692B115B-C471-4A36-B7DB-0876ADA83857}.Debug|Any CPU.Build.0 = Debug|Any CPU
		{692B115B-C471-4A36-B7DB-0876ADA83857}.Debug|Mixed Platforms.ActiveCfg = Debug|Any CPU
		{692B115B-C471-4A36-B7DB-0876ADA83857}.Debug|Mixed Platforms.Build.0 = Debug|Any CPU
		{692B115B-C471-4A36-B7DB-0876ADA83857}.Debug|Win32.ActiveCfg = Debug|Any CPU
		{692B115B-C471-4A36-B7DB-0876ADA83857}.Release|Any CPU.ActiveCfg = Release|Any CPU
		{692B115B-C471-4A36-B7DB-0876ADA83857}.Release|Any CPU.Build.0 = Release|Any CPU
		{692B115B-C471-4A36-B7DB-0876ADA83857}.Release|Mixed Platforms.ActiveCfg = Release|Any CPU
		{692B115B-C471-4A36-B7DB-0876ADA83857}.Release|Mixed Platforms.Build.0 = Release|Any CPU
		{692B115B-C471-4A36-B7DB-0876ADA83857}.Release|Win32.ActiveCfg = Release|Any CPU
		{DFB5290A-FFCF-46D1-954F-A51711290248}.Debug|Any CPU.ActiveCfg = Debug|Any CPU
		{DFB5290A-FFCF-46D1-954F-A51711290248}.Debug|Any CPU.Build.0 = Debug|Any CPU
		{DFB5290A-FFCF-46D1-954F-A51711290248}.Debug|Mixed Platforms.ActiveCfg = Debug|Any CPU
		{DFB5290A-FFCF-46D1-954F-A51711290248}.Debug|Mixed Platforms.Build.0 = Debug|Any CPU
		{DFB5290A-FFCF-46D1-954F-A51711290248}.Debug|Win32.ActiveCfg = Debug|Any CPU
		{DFB5290A-FFCF-46D1-954F-A51711290248}.Release|Any CPU.ActiveCfg = Release|Any CPU
		{DFB5290A-FFCF-46D1-954F-A51711290248}.Release|Any CPU.Build.0 = Release|Any CPU
		{DFB5290A-FFCF-46D1-954F-A51711290248}.Release|Mixed Platforms.ActiveCfg = Release|Any CPU
		{DFB5290A-FFCF-46D1-954F-A51711290248}.Release|Mixed Platforms.Build.0 = Release|Any CPU
		{DFB5290A-FFCF-46D1-954F-A51711290248}.Release|Win32.ActiveCfg = Release|Any CPU
	EndGlobalSection
	GlobalSection(SolutionProperties) = preSolution
		HideSolutionNode = FALSE
	EndGlobalSection
	GlobalSection(ExtensibilityGlobals) = postSolution
		VisualSVNWorkingCopyRoot = .
	EndGlobalSection
EndGlobal
