
Microsoft Visual Studio Solution File, Format Version 10.00
# Visual Studio 2008
Project("{8BC9CEB8-8B4A-11D0-8D11-00A0C91BC942}") = "steam_client_02", "steam_client_02\steam_client_02.vcproj", "{C871579E-05D0-4DC9-8542-08E70726FC9C}"
EndProject
Global
	GlobalSection(SolutionConfigurationPlatforms) = preSolution
		Debug|Win32 = Debug|Win32
		Release|Win32 = Release|Win32
	EndGlobalSection
	GlobalSection(ProjectConfigurationPlatforms) = postSolution
		{C871579E-05D0-4DC9-8542-08E70726FC9C}.Debug|Win32.ActiveCfg = Debug|Win32
		{C871579E-05D0-4DC9-8542-08E70726FC9C}.Debug|Win32.Build.0 = Debug|Win32
		{C871579E-05D0-4DC9-8542-08E70726FC9C}.Release|Win32.ActiveCfg = Release|Win32
		{C871579E-05D0-4DC9-8542-08E70726FC9C}.Release|Win32.Build.0 = Release|Win32
	EndGlobalSection
	GlobalSection(SolutionProperties) = preSolution
		HideSolutionNode = FALSE
	EndGlobalSection
EndGlobal
