
Microsoft Visual Studio Solution File, Format Version 11.00
# Visual Studio 2010
Project("{FAE04EC0-301F-11D3-BF4B-00C04F79EFBC}") = "LibSteam3", "libsteam3\LibSteam3.csproj", "{3C9A9F13-DD80-478F-AA35-12D3B6623203}"
EndProject
Project("{FAE04EC0-301F-11D3-BF4B-00C04F79EFBC}") = "s3", "s3\s3.csproj", "{9D5250BB-F71F-4C83-8883-4119DB1F64F2}"
EndProject
Global
	GlobalSection(SolutionConfigurationPlatforms) = preSolution
		Debug|Any CPU = Debug|Any CPU
		Debug|Mixed Platforms = Debug|Mixed Platforms
		Debug|x86 = Debug|x86
		Release|Any CPU = Release|Any CPU
		Release|Mixed Platforms = Release|Mixed Platforms
		Release|x86 = Release|x86
	EndGlobalSection
	GlobalSection(ProjectConfigurationPlatforms) = postSolution
		{3C9A9F13-DD80-478F-AA35-12D3B6623203}.Debug|Any CPU.ActiveCfg = Debug|Any CPU
		{3C9A9F13-DD80-478F-AA35-12D3B6623203}.Debug|Any CPU.Build.0 = Debug|Any CPU
		{3C9A9F13-DD80-478F-AA35-12D3B6623203}.Debug|Mixed Platforms.ActiveCfg = Debug|Any CPU
		{3C9A9F13-DD80-478F-AA35-12D3B6623203}.Debug|Mixed Platforms.Build.0 = Debug|Any CPU
		{3C9A9F13-DD80-478F-AA35-12D3B6623203}.Debug|x86.ActiveCfg = Debug|Any CPU
		{3C9A9F13-DD80-478F-AA35-12D3B6623203}.Release|Any CPU.ActiveCfg = Release|Any CPU
		{3C9A9F13-DD80-478F-AA35-12D3B6623203}.Release|Any CPU.Build.0 = Release|Any CPU
		{3C9A9F13-DD80-478F-AA35-12D3B6623203}.Release|Mixed Platforms.ActiveCfg = Release|Any CPU
		{3C9A9F13-DD80-478F-AA35-12D3B6623203}.Release|Mixed Platforms.Build.0 = Release|Any CPU
		{3C9A9F13-DD80-478F-AA35-12D3B6623203}.Release|x86.ActiveCfg = Release|Any CPU
		{9D5250BB-F71F-4C83-8883-4119DB1F64F2}.Debug|Any CPU.ActiveCfg = Debug|x86
		{9D5250BB-F71F-4C83-8883-4119DB1F64F2}.Debug|Mixed Platforms.ActiveCfg = Debug|x86
		{9D5250BB-F71F-4C83-8883-4119DB1F64F2}.Debug|Mixed Platforms.Build.0 = Debug|x86
		{9D5250BB-F71F-4C83-8883-4119DB1F64F2}.Debug|x86.ActiveCfg = Debug|x86
		{9D5250BB-F71F-4C83-8883-4119DB1F64F2}.Debug|x86.Build.0 = Debug|x86
		{9D5250BB-F71F-4C83-8883-4119DB1F64F2}.Release|Any CPU.ActiveCfg = Release|x86
		{9D5250BB-F71F-4C83-8883-4119DB1F64F2}.Release|Mixed Platforms.ActiveCfg = Release|x86
		{9D5250BB-F71F-4C83-8883-4119DB1F64F2}.Release|Mixed Platforms.Build.0 = Release|x86
		{9D5250BB-F71F-4C83-8883-4119DB1F64F2}.Release|x86.ActiveCfg = Release|x86
		{9D5250BB-F71F-4C83-8883-4119DB1F64F2}.Release|x86.Build.0 = Release|x86
	EndGlobalSection
	GlobalSection(SolutionProperties) = preSolution
		HideSolutionNode = FALSE
	EndGlobalSection
EndGlobal
