
Microsoft Visual Studio Solution File, Format Version 10.00
# Visual Studio 2008
Project("{FAE04EC0-301F-11D3-BF4B-00C04F79EFBC}") = "BlobLib", "BlobLib\BlobLib.csproj", "{DFB5290A-FFCF-46D1-954F-A51711290248}"
EndProject
Project("{FAE04EC0-301F-11D3-BF4B-00C04F79EFBC}") = "BlobTest", "BlobTest\BlobTest.csproj", "{BE995B02-E365-4F08-9DC4-A25434CDB252}"
EndProject
Global
	GlobalSection(SolutionConfigurationPlatforms) = preSolution
		Debug|Any CPU = Debug|Any CPU
		Release|Any CPU = Release|Any CPU
	EndGlobalSection
	GlobalSection(ProjectConfigurationPlatforms) = postSolution
		{DFB5290A-FFCF-46D1-954F-A51711290248}.Debug|Any CPU.ActiveCfg = Debug|Any CPU
		{DFB5290A-FFCF-46D1-954F-A51711290248}.Debug|Any CPU.Build.0 = Debug|Any CPU
		{DFB5290A-FFCF-46D1-954F-A51711290248}.Release|Any CPU.ActiveCfg = Release|Any CPU
		{DFB5290A-FFCF-46D1-954F-A51711290248}.Release|Any CPU.Build.0 = Release|Any CPU
		{BE995B02-E365-4F08-9DC4-A25434CDB252}.Debug|Any CPU.ActiveCfg = Debug|Any CPU
		{BE995B02-E365-4F08-9DC4-A25434CDB252}.Debug|Any CPU.Build.0 = Debug|Any CPU
		{BE995B02-E365-4F08-9DC4-A25434CDB252}.Release|Any CPU.ActiveCfg = Release|Any CPU
		{BE995B02-E365-4F08-9DC4-A25434CDB252}.Release|Any CPU.Build.0 = Release|Any CPU
	EndGlobalSection
	GlobalSection(SolutionProperties) = preSolution
		HideSolutionNode = FALSE
	EndGlobalSection
EndGlobal
