{
  "version": 1,
  "dependencies": {
    "net6.0": {
      "CommandLineParser": {
        "type": "Direct",
        "requested": "[2.9.1, )",
        "resolved": "2.9.1",
        "contentHash": "OE0sl1/sQ37bjVsPKKtwQlWDgqaxWgtme3xZz7JssWUzg5JpMIyHgCTY9MVMxOg48fJ1AgGT3tgdH5m/kQ5xhA=="
      },
      "protobuf-net.Reflection": {
        "type": "Direct",
        "requested": "[3.2.12, )",
        "resolved": "3.2.12",
        "contentHash": "bpNTENWPqP2mx1sJJ5C6qZ2xP+f/E3dQF9MYY+xZ+RHxe3sLg+sPyBSCcJDTCY0e4dVIwQ/02gS8m4tVClDoKQ==",
        "dependencies": {
          "protobuf-net.Core": "3.2.12"
        }
      },
      "protobuf-net.Core": {
        "type": "Transitive",
        "resolved": "3.2.12",
        "contentHash": "8kpui+OKAr/IzFfdvkqGcIO859riNT1bp5hLKudY55lHd9oS3daHkvA9XyXiC+yGLRpg+XCc+ZUkNA8u8sXJTw==",
        "dependencies": {
          "System.Collections.Immutable": "7.0.0"
        }
      },
      "System.Collections.Immutable": {
        "type": "Transitive",
        "resolved": "7.0.0",
        "contentHash": "dQPcs0U1IKnBdRDBkrCTi1FoajSTBzLcVTpjO4MBCMC7f4pDOIPzgBoX8JjG7X6uZRJ8EBxsi8+DR1JuwjnzOQ==",
        "dependencies": {
          "System.Runtime.CompilerServices.Unsafe": "6.0.0"
        }
      },
      "System.Runtime.CompilerServices.Unsafe": {
        "type": "Transitive",
        "resolved": "6.0.0",
        "contentHash": "/iUeP3tq1S0XdNNoMz5C9twLSrM/TH+qElHkXWaPvuNOt+99G75NrV0OS2EqHx5wMN7popYjpc8oTjC1y16DLg=="
      }
    }
  }
}