
Microsoft Visual Studio Solution File, Format Version 11.00
# Visual Studio 2010
Project("{FAE04EC0-301F-11D3-BF4B-00C04F79EFBC}") = "SteamKit3", "SteamKit3\SteamKit3.csproj", "{84CEADC7-31FF-431F-99AC-088428DA5A8C}"
EndProject
Project("{FAE04EC0-301F-11D3-BF4B-00C04F79EFBC}") = "Tester", "Tester\Tester.csproj", "{66A1CB20-D8E2-43AD-AAFC-D4D1AD21F5D7}"
EndProject
Project("{FAE04EC0-301F-11D3-BF4B-00C04F79EFBC}") = "SteamLanguageParser", "..\Resources\SteamLanguageParser\SteamLanguageParser.csproj", "{EBF5B7D5-58F4-4F68-A997-1BE71A72F078}"
EndProject
Project("{2150E333-8FDC-42A3-9474-1A3956D46DE8}") = "Steam Language", "Steam Language", "{460D1E67-0DC3-4AA7-937D-1D251BF4E333}"
	ProjectSection(SolutionItems) = preProject
		..\Resources\SteamLanguage2\emsg.steamd = ..\Resources\SteamLanguage2\emsg.steamd
		..\Resources\SteamLanguage2\enums.steamd = ..\Resources\SteamLanguage2\enums.steamd
		..\Resources\SteamLanguage2\eresult.steamd = ..\Resources\SteamLanguage2\eresult.steamd
		..\Resources\SteamLanguage2\header.steamd = ..\Resources\SteamLanguage2\header.steamd
		..\Resources\SteamLanguage2\netheader.steamd = ..\Resources\SteamLanguage2\netheader.steamd
		..\Resources\SteamLanguage2\steammsg.steamd = ..\Resources\SteamLanguage2\steammsg.steamd
	EndProjectSection
EndProject
Project("{FAE04EC0-301F-11D3-BF4B-00C04F79EFBC}") = "protobuf-net", "..\Resources\protobuf-net\protobuf-net\protobuf-net.csproj", "{8374E4D7-2A91-48F1-9360-09B09CF27C3F}"
EndProject
Global
	GlobalSection(SolutionConfigurationPlatforms) = preSolution
		Debug|Any CPU = Debug|Any CPU
		Debug|Mixed Platforms = Debug|Mixed Platforms
		Debug|x86 = Debug|x86
		iOS|Any CPU = iOS|Any CPU
		iOS|Mixed Platforms = iOS|Mixed Platforms
		iOS|x86 = iOS|x86
		Net20|Any CPU = Net20|Any CPU
		Net20|Mixed Platforms = Net20|Mixed Platforms
		Net20|x86 = Net20|x86
		Profile|Any CPU = Profile|Any CPU
		Profile|Mixed Platforms = Profile|Mixed Platforms
		Profile|x86 = Profile|x86
		Release|Any CPU = Release|Any CPU
		Release|Mixed Platforms = Release|Mixed Platforms
		Release|x86 = Release|x86
		Silverlight2|Any CPU = Silverlight2|Any CPU
		Silverlight2|Mixed Platforms = Silverlight2|Mixed Platforms
		Silverlight2|x86 = Silverlight2|x86
	EndGlobalSection
	GlobalSection(ProjectConfigurationPlatforms) = postSolution
		{84CEADC7-31FF-431F-99AC-088428DA5A8C}.Debug|Any CPU.ActiveCfg = Debug|Any CPU
		{84CEADC7-31FF-431F-99AC-088428DA5A8C}.Debug|Any CPU.Build.0 = Debug|Any CPU
		{84CEADC7-31FF-431F-99AC-088428DA5A8C}.Debug|Mixed Platforms.ActiveCfg = Debug|Any CPU
		{84CEADC7-31FF-431F-99AC-088428DA5A8C}.Debug|Mixed Platforms.Build.0 = Debug|Any CPU
		{84CEADC7-31FF-431F-99AC-088428DA5A8C}.Debug|x86.ActiveCfg = Debug|Any CPU
		{84CEADC7-31FF-431F-99AC-088428DA5A8C}.iOS|Any CPU.ActiveCfg = Release|Any CPU
		{84CEADC7-31FF-431F-99AC-088428DA5A8C}.iOS|Any CPU.Build.0 = Release|Any CPU
		{84CEADC7-31FF-431F-99AC-088428DA5A8C}.iOS|Mixed Platforms.ActiveCfg = Release|Any CPU
		{84CEADC7-31FF-431F-99AC-088428DA5A8C}.iOS|Mixed Platforms.Build.0 = Release|Any CPU
		{84CEADC7-31FF-431F-99AC-088428DA5A8C}.iOS|x86.ActiveCfg = Release|Any CPU
		{84CEADC7-31FF-431F-99AC-088428DA5A8C}.Net20|Any CPU.ActiveCfg = Release|Any CPU
		{84CEADC7-31FF-431F-99AC-088428DA5A8C}.Net20|Any CPU.Build.0 = Release|Any CPU
		{84CEADC7-31FF-431F-99AC-088428DA5A8C}.Net20|Mixed Platforms.ActiveCfg = Release|Any CPU
		{84CEADC7-31FF-431F-99AC-088428DA5A8C}.Net20|Mixed Platforms.Build.0 = Release|Any CPU
		{84CEADC7-31FF-431F-99AC-088428DA5A8C}.Net20|x86.ActiveCfg = Release|Any CPU
		{84CEADC7-31FF-431F-99AC-088428DA5A8C}.Profile|Any CPU.ActiveCfg = Release|Any CPU
		{84CEADC7-31FF-431F-99AC-088428DA5A8C}.Profile|Any CPU.Build.0 = Release|Any CPU
		{84CEADC7-31FF-431F-99AC-088428DA5A8C}.Profile|Mixed Platforms.ActiveCfg = Release|Any CPU
		{84CEADC7-31FF-431F-99AC-088428DA5A8C}.Profile|Mixed Platforms.Build.0 = Release|Any CPU
		{84CEADC7-31FF-431F-99AC-088428DA5A8C}.Profile|x86.ActiveCfg = Release|Any CPU
		{84CEADC7-31FF-431F-99AC-088428DA5A8C}.Release|Any CPU.ActiveCfg = Release|Any CPU
		{84CEADC7-31FF-431F-99AC-088428DA5A8C}.Release|Any CPU.Build.0 = Release|Any CPU
		{84CEADC7-31FF-431F-99AC-088428DA5A8C}.Release|Mixed Platforms.ActiveCfg = Release|Any CPU
		{84CEADC7-31FF-431F-99AC-088428DA5A8C}.Release|Mixed Platforms.Build.0 = Release|Any CPU
		{84CEADC7-31FF-431F-99AC-088428DA5A8C}.Release|x86.ActiveCfg = Release|Any CPU
		{84CEADC7-31FF-431F-99AC-088428DA5A8C}.Silverlight2|Any CPU.ActiveCfg = Release|Any CPU
		{84CEADC7-31FF-431F-99AC-088428DA5A8C}.Silverlight2|Any CPU.Build.0 = Release|Any CPU
		{84CEADC7-31FF-431F-99AC-088428DA5A8C}.Silverlight2|Mixed Platforms.ActiveCfg = Release|Any CPU
		{84CEADC7-31FF-431F-99AC-088428DA5A8C}.Silverlight2|Mixed Platforms.Build.0 = Release|Any CPU
		{84CEADC7-31FF-431F-99AC-088428DA5A8C}.Silverlight2|x86.ActiveCfg = Release|Any CPU
		{66A1CB20-D8E2-43AD-AAFC-D4D1AD21F5D7}.Debug|Any CPU.ActiveCfg = Debug|x86
		{66A1CB20-D8E2-43AD-AAFC-D4D1AD21F5D7}.Debug|Mixed Platforms.ActiveCfg = Debug|x86
		{66A1CB20-D8E2-43AD-AAFC-D4D1AD21F5D7}.Debug|Mixed Platforms.Build.0 = Debug|x86
		{66A1CB20-D8E2-43AD-AAFC-D4D1AD21F5D7}.Debug|x86.ActiveCfg = Debug|x86
		{66A1CB20-D8E2-43AD-AAFC-D4D1AD21F5D7}.Debug|x86.Build.0 = Debug|x86
		{66A1CB20-D8E2-43AD-AAFC-D4D1AD21F5D7}.iOS|Any CPU.ActiveCfg = Release|x86
		{66A1CB20-D8E2-43AD-AAFC-D4D1AD21F5D7}.iOS|Mixed Platforms.ActiveCfg = Release|x86
		{66A1CB20-D8E2-43AD-AAFC-D4D1AD21F5D7}.iOS|Mixed Platforms.Build.0 = Release|x86
		{66A1CB20-D8E2-43AD-AAFC-D4D1AD21F5D7}.iOS|x86.ActiveCfg = Release|x86
		{66A1CB20-D8E2-43AD-AAFC-D4D1AD21F5D7}.iOS|x86.Build.0 = Release|x86
		{66A1CB20-D8E2-43AD-AAFC-D4D1AD21F5D7}.Net20|Any CPU.ActiveCfg = Release|x86
		{66A1CB20-D8E2-43AD-AAFC-D4D1AD21F5D7}.Net20|Mixed Platforms.ActiveCfg = Release|x86
		{66A1CB20-D8E2-43AD-AAFC-D4D1AD21F5D7}.Net20|Mixed Platforms.Build.0 = Release|x86
		{66A1CB20-D8E2-43AD-AAFC-D4D1AD21F5D7}.Net20|x86.ActiveCfg = Release|x86
		{66A1CB20-D8E2-43AD-AAFC-D4D1AD21F5D7}.Net20|x86.Build.0 = Release|x86
		{66A1CB20-D8E2-43AD-AAFC-D4D1AD21F5D7}.Profile|Any CPU.ActiveCfg = Release|x86
		{66A1CB20-D8E2-43AD-AAFC-D4D1AD21F5D7}.Profile|Mixed Platforms.ActiveCfg = Release|x86
		{66A1CB20-D8E2-43AD-AAFC-D4D1AD21F5D7}.Profile|Mixed Platforms.Build.0 = Release|x86
		{66A1CB20-D8E2-43AD-AAFC-D4D1AD21F5D7}.Profile|x86.ActiveCfg = Release|x86
		{66A1CB20-D8E2-43AD-AAFC-D4D1AD21F5D7}.Profile|x86.Build.0 = Release|x86
		{66A1CB20-D8E2-43AD-AAFC-D4D1AD21F5D7}.Release|Any CPU.ActiveCfg = Release|x86
		{66A1CB20-D8E2-43AD-AAFC-D4D1AD21F5D7}.Release|Mixed Platforms.ActiveCfg = Release|x86
		{66A1CB20-D8E2-43AD-AAFC-D4D1AD21F5D7}.Release|Mixed Platforms.Build.0 = Release|x86
		{66A1CB20-D8E2-43AD-AAFC-D4D1AD21F5D7}.Release|x86.ActiveCfg = Release|x86
		{66A1CB20-D8E2-43AD-AAFC-D4D1AD21F5D7}.Release|x86.Build.0 = Release|x86
		{66A1CB20-D8E2-43AD-AAFC-D4D1AD21F5D7}.Silverlight2|Any CPU.ActiveCfg = Release|x86
		{66A1CB20-D8E2-43AD-AAFC-D4D1AD21F5D7}.Silverlight2|Mixed Platforms.ActiveCfg = Release|x86
		{66A1CB20-D8E2-43AD-AAFC-D4D1AD21F5D7}.Silverlight2|Mixed Platforms.Build.0 = Release|x86
		{66A1CB20-D8E2-43AD-AAFC-D4D1AD21F5D7}.Silverlight2|x86.ActiveCfg = Release|x86
		{66A1CB20-D8E2-43AD-AAFC-D4D1AD21F5D7}.Silverlight2|x86.Build.0 = Release|x86
		{EBF5B7D5-58F4-4F68-A997-1BE71A72F078}.Debug|Any CPU.ActiveCfg = Debug|Any CPU
		{EBF5B7D5-58F4-4F68-A997-1BE71A72F078}.Debug|Any CPU.Build.0 = Debug|Any CPU
		{EBF5B7D5-58F4-4F68-A997-1BE71A72F078}.Debug|Mixed Platforms.ActiveCfg = Debug|Any CPU
		{EBF5B7D5-58F4-4F68-A997-1BE71A72F078}.Debug|Mixed Platforms.Build.0 = Debug|Any CPU
		{EBF5B7D5-58F4-4F68-A997-1BE71A72F078}.Debug|x86.ActiveCfg = Debug|Any CPU
		{EBF5B7D5-58F4-4F68-A997-1BE71A72F078}.iOS|Any CPU.ActiveCfg = Release|Any CPU
		{EBF5B7D5-58F4-4F68-A997-1BE71A72F078}.iOS|Any CPU.Build.0 = Release|Any CPU
		{EBF5B7D5-58F4-4F68-A997-1BE71A72F078}.iOS|Mixed Platforms.ActiveCfg = Release|Any CPU
		{EBF5B7D5-58F4-4F68-A997-1BE71A72F078}.iOS|Mixed Platforms.Build.0 = Release|Any CPU
		{EBF5B7D5-58F4-4F68-A997-1BE71A72F078}.iOS|x86.ActiveCfg = Release|Any CPU
		{EBF5B7D5-58F4-4F68-A997-1BE71A72F078}.Net20|Any CPU.ActiveCfg = Release|Any CPU
		{EBF5B7D5-58F4-4F68-A997-1BE71A72F078}.Net20|Any CPU.Build.0 = Release|Any CPU
		{EBF5B7D5-58F4-4F68-A997-1BE71A72F078}.Net20|Mixed Platforms.ActiveCfg = Release|Any CPU
		{EBF5B7D5-58F4-4F68-A997-1BE71A72F078}.Net20|Mixed Platforms.Build.0 = Release|Any CPU
		{EBF5B7D5-58F4-4F68-A997-1BE71A72F078}.Net20|x86.ActiveCfg = Release|Any CPU
		{EBF5B7D5-58F4-4F68-A997-1BE71A72F078}.Profile|Any CPU.ActiveCfg = Release|Any CPU
		{EBF5B7D5-58F4-4F68-A997-1BE71A72F078}.Profile|Any CPU.Build.0 = Release|Any CPU
		{EBF5B7D5-58F4-4F68-A997-1BE71A72F078}.Profile|Mixed Platforms.ActiveCfg = Release|Any CPU
		{EBF5B7D5-58F4-4F68-A997-1BE71A72F078}.Profile|Mixed Platforms.Build.0 = Release|Any CPU
		{EBF5B7D5-58F4-4F68-A997-1BE71A72F078}.Profile|x86.ActiveCfg = Release|Any CPU
		{EBF5B7D5-58F4-4F68-A997-1BE71A72F078}.Release|Any CPU.ActiveCfg = Release|Any CPU
		{EBF5B7D5-58F4-4F68-A997-1BE71A72F078}.Release|Any CPU.Build.0 = Release|Any CPU
		{EBF5B7D5-58F4-4F68-A997-1BE71A72F078}.Release|Mixed Platforms.ActiveCfg = Release|Any CPU
		{EBF5B7D5-58F4-4F68-A997-1BE71A72F078}.Release|Mixed Platforms.Build.0 = Release|Any CPU
		{EBF5B7D5-58F4-4F68-A997-1BE71A72F078}.Release|x86.ActiveCfg = Release|Any CPU
		{EBF5B7D5-58F4-4F68-A997-1BE71A72F078}.Silverlight2|Any CPU.ActiveCfg = Release|Any CPU
		{EBF5B7D5-58F4-4F68-A997-1BE71A72F078}.Silverlight2|Any CPU.Build.0 = Release|Any CPU
		{EBF5B7D5-58F4-4F68-A997-1BE71A72F078}.Silverlight2|Mixed Platforms.ActiveCfg = Release|Any CPU
		{EBF5B7D5-58F4-4F68-A997-1BE71A72F078}.Silverlight2|Mixed Platforms.Build.0 = Release|Any CPU
		{EBF5B7D5-58F4-4F68-A997-1BE71A72F078}.Silverlight2|x86.ActiveCfg = Release|Any CPU
		{8374E4D7-2A91-48F1-9360-09B09CF27C3F}.Debug|Any CPU.ActiveCfg = Debug|Any CPU
		{8374E4D7-2A91-48F1-9360-09B09CF27C3F}.Debug|Any CPU.Build.0 = Debug|Any CPU
		{8374E4D7-2A91-48F1-9360-09B09CF27C3F}.Debug|Mixed Platforms.ActiveCfg = Debug|Any CPU
		{8374E4D7-2A91-48F1-9360-09B09CF27C3F}.Debug|Mixed Platforms.Build.0 = Debug|Any CPU
		{8374E4D7-2A91-48F1-9360-09B09CF27C3F}.Debug|x86.ActiveCfg = Debug|Any CPU
		{8374E4D7-2A91-48F1-9360-09B09CF27C3F}.iOS|Any CPU.ActiveCfg = iOS|Any CPU
		{8374E4D7-2A91-48F1-9360-09B09CF27C3F}.iOS|Any CPU.Build.0 = iOS|Any CPU
		{8374E4D7-2A91-48F1-9360-09B09CF27C3F}.iOS|Mixed Platforms.ActiveCfg = iOS|Any CPU
		{8374E4D7-2A91-48F1-9360-09B09CF27C3F}.iOS|Mixed Platforms.Build.0 = iOS|Any CPU
		{8374E4D7-2A91-48F1-9360-09B09CF27C3F}.iOS|x86.ActiveCfg = iOS|Any CPU
		{8374E4D7-2A91-48F1-9360-09B09CF27C3F}.Net20|Any CPU.ActiveCfg = Net20|Any CPU
		{8374E4D7-2A91-48F1-9360-09B09CF27C3F}.Net20|Any CPU.Build.0 = Net20|Any CPU
		{8374E4D7-2A91-48F1-9360-09B09CF27C3F}.Net20|Mixed Platforms.ActiveCfg = Net20|Any CPU
		{8374E4D7-2A91-48F1-9360-09B09CF27C3F}.Net20|Mixed Platforms.Build.0 = Net20|Any CPU
		{8374E4D7-2A91-48F1-9360-09B09CF27C3F}.Net20|x86.ActiveCfg = Net20|Any CPU
		{8374E4D7-2A91-48F1-9360-09B09CF27C3F}.Profile|Any CPU.ActiveCfg = Profile|Any CPU
		{8374E4D7-2A91-48F1-9360-09B09CF27C3F}.Profile|Any CPU.Build.0 = Profile|Any CPU
		{8374E4D7-2A91-48F1-9360-09B09CF27C3F}.Profile|Mixed Platforms.ActiveCfg = Profile|Any CPU
		{8374E4D7-2A91-48F1-9360-09B09CF27C3F}.Profile|Mixed Platforms.Build.0 = Profile|Any CPU
		{8374E4D7-2A91-48F1-9360-09B09CF27C3F}.Profile|x86.ActiveCfg = Profile|Any CPU
		{8374E4D7-2A91-48F1-9360-09B09CF27C3F}.Release|Any CPU.ActiveCfg = Release|Any CPU
		{8374E4D7-2A91-48F1-9360-09B09CF27C3F}.Release|Any CPU.Build.0 = Release|Any CPU
		{8374E4D7-2A91-48F1-9360-09B09CF27C3F}.Release|Mixed Platforms.ActiveCfg = Release|Any CPU
		{8374E4D7-2A91-48F1-9360-09B09CF27C3F}.Release|Mixed Platforms.Build.0 = Release|Any CPU
		{8374E4D7-2A91-48F1-9360-09B09CF27C3F}.Release|x86.ActiveCfg = Release|Any CPU
		{8374E4D7-2A91-48F1-9360-09B09CF27C3F}.Silverlight2|Any CPU.ActiveCfg = Silverlight2|Any CPU
		{8374E4D7-2A91-48F1-9360-09B09CF27C3F}.Silverlight2|Any CPU.Build.0 = Silverlight2|Any CPU
		{8374E4D7-2A91-48F1-9360-09B09CF27C3F}.Silverlight2|Mixed Platforms.ActiveCfg = Silverlight2|Any CPU
		{8374E4D7-2A91-48F1-9360-09B09CF27C3F}.Silverlight2|Mixed Platforms.Build.0 = Silverlight2|Any CPU
		{8374E4D7-2A91-48F1-9360-09B09CF27C3F}.Silverlight2|x86.ActiveCfg = Silverlight2|Any CPU
	EndGlobalSection
	GlobalSection(SolutionProperties) = preSolution
		HideSolutionNode = FALSE
	EndGlobalSection
EndGlobal
