
Microsoft Visual Studio Solution File, Format Version 12.00
# Visual Studio 15
VisualStudioVersion = 15.0.27130.2003
MinimumVisualStudioVersion = 10.0.40219.1
Project("{9A19103F-16F7-4668-BE54-9A1E7A4F7556}") = "Sample1_Logon", "1.Logon\Sample1_Logon.csproj", "{CEF39496-576D-4A70-9A06-16112B84B79F}"
EndProject
Project("{9A19103F-16F7-4668-BE54-9A1E7A4F7556}") = "Sample2_Extending", "2.Extending\Sample2_Extending.csproj", "{B8D7F87B-DBAA-4FBE-8254-E1FE07D6C7DC}"
EndProject
Project("{9A19103F-16F7-4668-BE54-9A1E7A4F7556}") = "Sample3_DebugLog", "3.DebugLog\Sample3_DebugLog.csproj", "{808EAE9B-B9F6-4692-8F5A-9E2A703BF8CE}"
EndProject
Project("{9A19103F-16F7-4668-BE54-9A1E7A4F7556}") = "Sample4_Friends", "4.Friends\Sample4_Friends.csproj", "{AAC3184B-7878-4898-A746-7D5E49FAEDE8}"
EndProject
Project("{9A19103F-16F7-4668-BE54-9A1E7A4F7556}") = "Sample5_SteamGuard", "5.SteamGuard\Sample5_SteamGuard.csproj", "{58680A3B-8C99-487A-B560-DC74538D1D38}"
EndProject
Project("{9A19103F-16F7-4668-BE54-9A1E7A4F7556}") = "Sample6_WebAPI", "6.WebAPI\Sample6_WebAPI.csproj", "{8ED5A3D8-1993-462B-B5DF-0E5A7FA65BBA}"
EndProject
Project("{9A19103F-16F7-4668-BE54-9A1E7A4F7556}") = "Sample7_ServerList", "7.ServerList\Sample7_ServerList.csproj", "{AD779EE5-8A38-405D-8176-9A9C71003D1B}"
EndProject
Project("{9A19103F-16F7-4668-BE54-9A1E7A4F7556}") = "Sample8_UnifiedMessages", "8.UnifiedMessages\Sample8_UnifiedMessages.csproj", "{A2D3F609-C02E-43ED-8306-79DB660FB516}"
EndProject
Project("{9A19103F-16F7-4668-BE54-9A1E7A4F7556}") = "Sample9_AsyncJobs", "9.AsyncJobs\Sample9_AsyncJobs.csproj", "{73111906-9685-4DD4-BFFB-813AEB08FFD0}"
EndProject
Project("{9A19103F-16F7-4668-BE54-9A1E7A4F7556}") = "Sample10_DotaMatchRequest", "10.DotaMatchRequest\Sample10_DotaMatchRequest.csproj", "{734863D3-4EED-4758-B1E9-7B324C2D8D72}"
EndProject
Project("{9A19103F-16F7-4668-BE54-9A1E7A4F7556}") = "SteamKit2", "..\SteamKit2\SteamKit2\SteamKit2.csproj", "{D3E2F2D3-A663-4232-B9C5-A4F81DB665A2}"
EndProject
Global
	GlobalSection(SolutionConfigurationPlatforms) = preSolution
		Debug|Any CPU = Debug|Any CPU
		Debug|Mixed Platforms = Debug|Mixed Platforms
		Debug|x86 = Debug|x86
		Release|Any CPU = Release|Any CPU
		Release|Mixed Platforms = Release|Mixed Platforms
		Release|x86 = Release|x86
	EndGlobalSection
	GlobalSection(ProjectConfigurationPlatforms) = postSolution
		{CEF39496-576D-4A70-9A06-16112B84B79F}.Debug|Any CPU.ActiveCfg = Debug|Any CPU
		{CEF39496-576D-4A70-9A06-16112B84B79F}.Debug|Any CPU.Build.0 = Debug|Any CPU
		{CEF39496-576D-4A70-9A06-16112B84B79F}.Debug|Mixed Platforms.ActiveCfg = Debug|Any CPU
		{CEF39496-576D-4A70-9A06-16112B84B79F}.Debug|Mixed Platforms.Build.0 = Debug|Any CPU
		{CEF39496-576D-4A70-9A06-16112B84B79F}.Debug|x86.ActiveCfg = Debug|Any CPU
		{CEF39496-576D-4A70-9A06-16112B84B79F}.Debug|x86.Build.0 = Debug|Any CPU
		{CEF39496-576D-4A70-9A06-16112B84B79F}.Release|Any CPU.ActiveCfg = Release|Any CPU
		{CEF39496-576D-4A70-9A06-16112B84B79F}.Release|Any CPU.Build.0 = Release|Any CPU
		{CEF39496-576D-4A70-9A06-16112B84B79F}.Release|Mixed Platforms.ActiveCfg = Release|Any CPU
		{CEF39496-576D-4A70-9A06-16112B84B79F}.Release|Mixed Platforms.Build.0 = Release|Any CPU
		{CEF39496-576D-4A70-9A06-16112B84B79F}.Release|x86.ActiveCfg = Release|Any CPU
		{CEF39496-576D-4A70-9A06-16112B84B79F}.Release|x86.Build.0 = Release|Any CPU
		{B8D7F87B-DBAA-4FBE-8254-E1FE07D6C7DC}.Debug|Any CPU.ActiveCfg = Debug|Any CPU
		{B8D7F87B-DBAA-4FBE-8254-E1FE07D6C7DC}.Debug|Any CPU.Build.0 = Debug|Any CPU
		{B8D7F87B-DBAA-4FBE-8254-E1FE07D6C7DC}.Debug|Mixed Platforms.ActiveCfg = Debug|Any CPU
		{B8D7F87B-DBAA-4FBE-8254-E1FE07D6C7DC}.Debug|Mixed Platforms.Build.0 = Debug|Any CPU
		{B8D7F87B-DBAA-4FBE-8254-E1FE07D6C7DC}.Debug|x86.ActiveCfg = Debug|Any CPU
		{B8D7F87B-DBAA-4FBE-8254-E1FE07D6C7DC}.Debug|x86.Build.0 = Debug|Any CPU
		{B8D7F87B-DBAA-4FBE-8254-E1FE07D6C7DC}.Release|Any CPU.ActiveCfg = Release|Any CPU
		{B8D7F87B-DBAA-4FBE-8254-E1FE07D6C7DC}.Release|Any CPU.Build.0 = Release|Any CPU
		{B8D7F87B-DBAA-4FBE-8254-E1FE07D6C7DC}.Release|Mixed Platforms.ActiveCfg = Release|Any CPU
		{B8D7F87B-DBAA-4FBE-8254-E1FE07D6C7DC}.Release|Mixed Platforms.Build.0 = Release|Any CPU
		{B8D7F87B-DBAA-4FBE-8254-E1FE07D6C7DC}.Release|x86.ActiveCfg = Release|Any CPU
		{B8D7F87B-DBAA-4FBE-8254-E1FE07D6C7DC}.Release|x86.Build.0 = Release|Any CPU
		{808EAE9B-B9F6-4692-8F5A-9E2A703BF8CE}.Debug|Any CPU.ActiveCfg = Debug|Any CPU
		{808EAE9B-B9F6-4692-8F5A-9E2A703BF8CE}.Debug|Any CPU.Build.0 = Debug|Any CPU
		{808EAE9B-B9F6-4692-8F5A-9E2A703BF8CE}.Debug|Mixed Platforms.ActiveCfg = Debug|Any CPU
		{808EAE9B-B9F6-4692-8F5A-9E2A703BF8CE}.Debug|Mixed Platforms.Build.0 = Debug|Any CPU
		{808EAE9B-B9F6-4692-8F5A-9E2A703BF8CE}.Debug|x86.ActiveCfg = Debug|Any CPU
		{808EAE9B-B9F6-4692-8F5A-9E2A703BF8CE}.Debug|x86.Build.0 = Debug|Any CPU
		{808EAE9B-B9F6-4692-8F5A-9E2A703BF8CE}.Release|Any CPU.ActiveCfg = Release|Any CPU
		{808EAE9B-B9F6-4692-8F5A-9E2A703BF8CE}.Release|Any CPU.Build.0 = Release|Any CPU
		{808EAE9B-B9F6-4692-8F5A-9E2A703BF8CE}.Release|Mixed Platforms.ActiveCfg = Release|Any CPU
		{808EAE9B-B9F6-4692-8F5A-9E2A703BF8CE}.Release|Mixed Platforms.Build.0 = Release|Any CPU
		{808EAE9B-B9F6-4692-8F5A-9E2A703BF8CE}.Release|x86.ActiveCfg = Release|Any CPU
		{808EAE9B-B9F6-4692-8F5A-9E2A703BF8CE}.Release|x86.Build.0 = Release|Any CPU
		{AAC3184B-7878-4898-A746-7D5E49FAEDE8}.Debug|Any CPU.ActiveCfg = Debug|Any CPU
		{AAC3184B-7878-4898-A746-7D5E49FAEDE8}.Debug|Any CPU.Build.0 = Debug|Any CPU
		{AAC3184B-7878-4898-A746-7D5E49FAEDE8}.Debug|Mixed Platforms.ActiveCfg = Debug|Any CPU
		{AAC3184B-7878-4898-A746-7D5E49FAEDE8}.Debug|Mixed Platforms.Build.0 = Debug|Any CPU
		{AAC3184B-7878-4898-A746-7D5E49FAEDE8}.Debug|x86.ActiveCfg = Debug|Any CPU
		{AAC3184B-7878-4898-A746-7D5E49FAEDE8}.Debug|x86.Build.0 = Debug|Any CPU
		{AAC3184B-7878-4898-A746-7D5E49FAEDE8}.Release|Any CPU.ActiveCfg = Release|Any CPU
		{AAC3184B-7878-4898-A746-7D5E49FAEDE8}.Release|Any CPU.Build.0 = Release|Any CPU
		{AAC3184B-7878-4898-A746-7D5E49FAEDE8}.Release|Mixed Platforms.ActiveCfg = Release|Any CPU
		{AAC3184B-7878-4898-A746-7D5E49FAEDE8}.Release|Mixed Platforms.Build.0 = Release|Any CPU
		{AAC3184B-7878-4898-A746-7D5E49FAEDE8}.Release|x86.ActiveCfg = Release|Any CPU
		{AAC3184B-7878-4898-A746-7D5E49FAEDE8}.Release|x86.Build.0 = Release|Any CPU
		{58680A3B-8C99-487A-B560-DC74538D1D38}.Debug|Any CPU.ActiveCfg = Debug|Any CPU
		{58680A3B-8C99-487A-B560-DC74538D1D38}.Debug|Any CPU.Build.0 = Debug|Any CPU
		{58680A3B-8C99-487A-B560-DC74538D1D38}.Debug|Mixed Platforms.ActiveCfg = Debug|Any CPU
		{58680A3B-8C99-487A-B560-DC74538D1D38}.Debug|Mixed Platforms.Build.0 = Debug|Any CPU
		{58680A3B-8C99-487A-B560-DC74538D1D38}.Debug|x86.ActiveCfg = Debug|Any CPU
		{58680A3B-8C99-487A-B560-DC74538D1D38}.Debug|x86.Build.0 = Debug|Any CPU
		{58680A3B-8C99-487A-B560-DC74538D1D38}.Release|Any CPU.ActiveCfg = Release|Any CPU
		{58680A3B-8C99-487A-B560-DC74538D1D38}.Release|Any CPU.Build.0 = Release|Any CPU
		{58680A3B-8C99-487A-B560-DC74538D1D38}.Release|Mixed Platforms.ActiveCfg = Release|Any CPU
		{58680A3B-8C99-487A-B560-DC74538D1D38}.Release|Mixed Platforms.Build.0 = Release|Any CPU
		{58680A3B-8C99-487A-B560-DC74538D1D38}.Release|x86.ActiveCfg = Release|Any CPU
		{58680A3B-8C99-487A-B560-DC74538D1D38}.Release|x86.Build.0 = Release|Any CPU
		{8ED5A3D8-1993-462B-B5DF-0E5A7FA65BBA}.Debug|Any CPU.ActiveCfg = Debug|Any CPU
		{8ED5A3D8-1993-462B-B5DF-0E5A7FA65BBA}.Debug|Any CPU.Build.0 = Debug|Any CPU
		{8ED5A3D8-1993-462B-B5DF-0E5A7FA65BBA}.Debug|Mixed Platforms.ActiveCfg = Debug|Any CPU
		{8ED5A3D8-1993-462B-B5DF-0E5A7FA65BBA}.Debug|Mixed Platforms.Build.0 = Debug|Any CPU
		{8ED5A3D8-1993-462B-B5DF-0E5A7FA65BBA}.Debug|x86.ActiveCfg = Debug|Any CPU
		{8ED5A3D8-1993-462B-B5DF-0E5A7FA65BBA}.Debug|x86.Build.0 = Debug|Any CPU
		{8ED5A3D8-1993-462B-B5DF-0E5A7FA65BBA}.Release|Any CPU.ActiveCfg = Release|Any CPU
		{8ED5A3D8-1993-462B-B5DF-0E5A7FA65BBA}.Release|Any CPU.Build.0 = Release|Any CPU
		{8ED5A3D8-1993-462B-B5DF-0E5A7FA65BBA}.Release|Mixed Platforms.ActiveCfg = Release|Any CPU
		{8ED5A3D8-1993-462B-B5DF-0E5A7FA65BBA}.Release|Mixed Platforms.Build.0 = Release|Any CPU
		{8ED5A3D8-1993-462B-B5DF-0E5A7FA65BBA}.Release|x86.ActiveCfg = Release|Any CPU
		{8ED5A3D8-1993-462B-B5DF-0E5A7FA65BBA}.Release|x86.Build.0 = Release|Any CPU
		{AD779EE5-8A38-405D-8176-9A9C71003D1B}.Debug|Any CPU.ActiveCfg = Debug|Any CPU
		{AD779EE5-8A38-405D-8176-9A9C71003D1B}.Debug|Any CPU.Build.0 = Debug|Any CPU
		{AD779EE5-8A38-405D-8176-9A9C71003D1B}.Debug|Mixed Platforms.ActiveCfg = Debug|Any CPU
		{AD779EE5-8A38-405D-8176-9A9C71003D1B}.Debug|Mixed Platforms.Build.0 = Debug|Any CPU
		{AD779EE5-8A38-405D-8176-9A9C71003D1B}.Debug|x86.ActiveCfg = Debug|Any CPU
		{AD779EE5-8A38-405D-8176-9A9C71003D1B}.Debug|x86.Build.0 = Debug|Any CPU
		{AD779EE5-8A38-405D-8176-9A9C71003D1B}.Release|Any CPU.ActiveCfg = Release|Any CPU
		{AD779EE5-8A38-405D-8176-9A9C71003D1B}.Release|Any CPU.Build.0 = Release|Any CPU
		{AD779EE5-8A38-405D-8176-9A9C71003D1B}.Release|Mixed Platforms.ActiveCfg = Release|Any CPU
		{AD779EE5-8A38-405D-8176-9A9C71003D1B}.Release|Mixed Platforms.Build.0 = Release|Any CPU
		{AD779EE5-8A38-405D-8176-9A9C71003D1B}.Release|x86.ActiveCfg = Release|Any CPU
		{AD779EE5-8A38-405D-8176-9A9C71003D1B}.Release|x86.Build.0 = Release|Any CPU
		{A2D3F609-C02E-43ED-8306-79DB660FB516}.Debug|Any CPU.ActiveCfg = Debug|Any CPU
		{A2D3F609-C02E-43ED-8306-79DB660FB516}.Debug|Any CPU.Build.0 = Debug|Any CPU
		{A2D3F609-C02E-43ED-8306-79DB660FB516}.Debug|Mixed Platforms.ActiveCfg = Debug|Any CPU
		{A2D3F609-C02E-43ED-8306-79DB660FB516}.Debug|Mixed Platforms.Build.0 = Debug|Any CPU
		{A2D3F609-C02E-43ED-8306-79DB660FB516}.Debug|x86.ActiveCfg = Debug|Any CPU
		{A2D3F609-C02E-43ED-8306-79DB660FB516}.Debug|x86.Build.0 = Debug|Any CPU
		{A2D3F609-C02E-43ED-8306-79DB660FB516}.Release|Any CPU.ActiveCfg = Release|Any CPU
		{A2D3F609-C02E-43ED-8306-79DB660FB516}.Release|Any CPU.Build.0 = Release|Any CPU
		{A2D3F609-C02E-43ED-8306-79DB660FB516}.Release|Mixed Platforms.ActiveCfg = Release|Any CPU
		{A2D3F609-C02E-43ED-8306-79DB660FB516}.Release|Mixed Platforms.Build.0 = Release|Any CPU
		{A2D3F609-C02E-43ED-8306-79DB660FB516}.Release|x86.ActiveCfg = Release|Any CPU
		{A2D3F609-C02E-43ED-8306-79DB660FB516}.Release|x86.Build.0 = Release|Any CPU
		{73111906-9685-4DD4-BFFB-813AEB08FFD0}.Debug|Any CPU.ActiveCfg = Debug|Any CPU
		{73111906-9685-4DD4-BFFB-813AEB08FFD0}.Debug|Any CPU.Build.0 = Debug|Any CPU
		{73111906-9685-4DD4-BFFB-813AEB08FFD0}.Debug|Mixed Platforms.ActiveCfg = Debug|Any CPU
		{73111906-9685-4DD4-BFFB-813AEB08FFD0}.Debug|Mixed Platforms.Build.0 = Debug|Any CPU
		{73111906-9685-4DD4-BFFB-813AEB08FFD0}.Debug|x86.ActiveCfg = Debug|Any CPU
		{73111906-9685-4DD4-BFFB-813AEB08FFD0}.Debug|x86.Build.0 = Debug|Any CPU
		{73111906-9685-4DD4-BFFB-813AEB08FFD0}.Release|Any CPU.ActiveCfg = Release|Any CPU
		{73111906-9685-4DD4-BFFB-813AEB08FFD0}.Release|Any CPU.Build.0 = Release|Any CPU
		{73111906-9685-4DD4-BFFB-813AEB08FFD0}.Release|Mixed Platforms.ActiveCfg = Release|Any CPU
		{73111906-9685-4DD4-BFFB-813AEB08FFD0}.Release|Mixed Platforms.Build.0 = Release|Any CPU
		{73111906-9685-4DD4-BFFB-813AEB08FFD0}.Release|x86.ActiveCfg = Release|Any CPU
		{73111906-9685-4DD4-BFFB-813AEB08FFD0}.Release|x86.Build.0 = Release|Any CPU
		{734863D3-4EED-4758-B1E9-7B324C2D8D72}.Debug|Any CPU.ActiveCfg = Debug|Any CPU
		{734863D3-4EED-4758-B1E9-7B324C2D8D72}.Debug|Any CPU.Build.0 = Debug|Any CPU
		{734863D3-4EED-4758-B1E9-7B324C2D8D72}.Debug|Mixed Platforms.ActiveCfg = Debug|Any CPU
		{734863D3-4EED-4758-B1E9-7B324C2D8D72}.Debug|Mixed Platforms.Build.0 = Debug|Any CPU
		{734863D3-4EED-4758-B1E9-7B324C2D8D72}.Debug|x86.ActiveCfg = Debug|Any CPU
		{734863D3-4EED-4758-B1E9-7B324C2D8D72}.Debug|x86.Build.0 = Debug|Any CPU
		{734863D3-4EED-4758-B1E9-7B324C2D8D72}.Release|Any CPU.ActiveCfg = Release|Any CPU
		{734863D3-4EED-4758-B1E9-7B324C2D8D72}.Release|Any CPU.Build.0 = Release|Any CPU
		{734863D3-4EED-4758-B1E9-7B324C2D8D72}.Release|Mixed Platforms.ActiveCfg = Release|Any CPU
		{734863D3-4EED-4758-B1E9-7B324C2D8D72}.Release|Mixed Platforms.Build.0 = Release|Any CPU
		{734863D3-4EED-4758-B1E9-7B324C2D8D72}.Release|x86.ActiveCfg = Release|Any CPU
		{734863D3-4EED-4758-B1E9-7B324C2D8D72}.Release|x86.Build.0 = Release|Any CPU
		{D3E2F2D3-A663-4232-B9C5-A4F81DB665A2}.Debug|Any CPU.ActiveCfg = Debug|Any CPU
		{D3E2F2D3-A663-4232-B9C5-A4F81DB665A2}.Debug|Any CPU.Build.0 = Debug|Any CPU
		{D3E2F2D3-A663-4232-B9C5-A4F81DB665A2}.Debug|Mixed Platforms.ActiveCfg = Debug|Any CPU
		{D3E2F2D3-A663-4232-B9C5-A4F81DB665A2}.Debug|Mixed Platforms.Build.0 = Debug|Any CPU
		{D3E2F2D3-A663-4232-B9C5-A4F81DB665A2}.Debug|x86.ActiveCfg = Debug|Any CPU
		{D3E2F2D3-A663-4232-B9C5-A4F81DB665A2}.Debug|x86.Build.0 = Debug|Any CPU
		{D3E2F2D3-A663-4232-B9C5-A4F81DB665A2}.Release|Any CPU.ActiveCfg = Release|Any CPU
		{D3E2F2D3-A663-4232-B9C5-A4F81DB665A2}.Release|Any CPU.Build.0 = Release|Any CPU
		{D3E2F2D3-A663-4232-B9C5-A4F81DB665A2}.Release|Mixed Platforms.ActiveCfg = Release|Any CPU
		{D3E2F2D3-A663-4232-B9C5-A4F81DB665A2}.Release|Mixed Platforms.Build.0 = Release|Any CPU
		{D3E2F2D3-A663-4232-B9C5-A4F81DB665A2}.Release|x86.ActiveCfg = Release|Any CPU
		{D3E2F2D3-A663-4232-B9C5-A4F81DB665A2}.Release|x86.Build.0 = Release|Any CPU
	EndGlobalSection
	GlobalSection(SolutionProperties) = preSolution
		HideSolutionNode = FALSE
	EndGlobalSection
	GlobalSection(ExtensibilityGlobals) = postSolution
		SolutionGuid = {2458B6B9-A9DC-4143-9BA4-BFAE02D48908}
	EndGlobalSection
EndGlobal
