
Microsoft Visual Studio Solution File, Format Version 11.00
# Visual Studio 2010
Project("{8BC9CEB8-8B4A-11D0-8D11-00A0C91BC942}") = "NetHook", "NetHook.vcxproj", "{04A24EE0-87D6-4CFB-BE63-7A9BC777B1A8}"
EndProject
Global
	GlobalSection(SolutionConfigurationPlatforms) = preSolution
		Debug|Win32 = Debug|Win32
		Release|Win32 = Release|Win32
	EndGlobalSection
	GlobalSection(ProjectConfigurationPlatforms) = postSolution
		{04A24EE0-87D6-4CFB-BE63-7A9BC777B1A8}.Debug|Win32.ActiveCfg = Debug|Win32
		{04A24EE0-87D6-4CFB-BE63-7A9BC777B1A8}.Debug|Win32.Build.0 = Debug|Win32
		{04A24EE0-87D6-4CFB-BE63-7A9BC777B1A8}.Release|Win32.ActiveCfg = Release|Win32
		{04A24EE0-87D6-4CFB-BE63-7A9BC777B1A8}.Release|Win32.Build.0 = Release|Win32
	EndGlobalSection
	GlobalSection(SolutionProperties) = preSolution
		HideSolutionNode = FALSE
	EndGlobalSection
EndGlobal
