
Microsoft Visual Studio Solution File, Format Version 12.00
# Visual Studio Version 16
VisualStudioVersion = 16.0.30804.86
MinimumVisualStudioVersion = 10.0.40219.1
Project("{9A19103F-16F7-4668-BE54-9A1E7A4F7556}") = "SteamLanguageParser", "SteamLanguageParser.csproj", "{CCAB4961-4C59-4400-978B-7D9552AE2296}"
EndProject
Global
	GlobalSection(SolutionConfigurationPlatforms) = preSolution
		Debug|Any CPU = Debug|Any CPU
		Release|Any CPU = Release|Any CPU
	EndGlobalSection
	GlobalSection(ProjectConfigurationPlatforms) = postSolution
		{CCAB4961-4C59-4400-978B-7D9552AE2296}.Debug|Any CPU.ActiveCfg = Debug|Any CPU
		{CCAB4961-4C59-4400-978B-7D9552AE2296}.Debug|Any CPU.Build.0 = Debug|Any CPU
		{CCAB4961-4C59-4400-978B-7D9552AE2296}.Release|Any CPU.ActiveCfg = Release|Any CPU
		{CCAB4961-4C59-4400-978B-7D9552AE2296}.Release|Any CPU.Build.0 = Release|Any CPU
	EndGlobalSection
	GlobalSection(SolutionProperties) = preSolution
		HideSolutionNode = FALSE
	EndGlobalSection
	GlobalSection(ExtensibilityGlobals) = postSolution
		SolutionGuid = {7FD992FD-0EF5-41F2-9CCA-552E4D1D4393}
	EndGlobalSection
EndGlobal
