
Microsoft Visual Studio Solution File, Format Version 11.00
# Visual Studio 2010
Project("{2150E333-8FDC-42A3-9474-1A3956D46DE8}") = "Steam Language", "Steam Language", "{9B9ED32F-938F-4CC1-B3EC-AE94BB102FC1}"
	ProjectSection(SolutionItems) = preProject
		..\Resources\SteamLanguage\emsg.steamd = ..\Resources\SteamLanguage\emsg.steamd
		..\Resources\SteamLanguage\enums.steamd = ..\Resources\SteamLanguage\enums.steamd
		..\Resources\SteamLanguage\eresult.steamd = ..\Resources\SteamLanguage\eresult.steamd
		..\Resources\SteamLanguage\gamecoordinator.steamd = ..\Resources\SteamLanguage\gamecoordinator.steamd
		..\Resources\SteamLanguage\header.steamd = ..\Resources\SteamLanguage\header.steamd
		..\Resources\SteamLanguage\netheader.steamd = ..\Resources\SteamLanguage\netheader.steamd
		..\Resources\SteamLanguage\steammsg.steamd = ..\Resources\SteamLanguage\steammsg.steamd
	EndProjectSection
EndProject
Project("{FAE04EC0-301F-11D3-BF4B-00C04F79EFBC}") = "SteamKit2", "SteamKit2\SteamKit2.csproj", "{BEB5BF07-BB56-402A-97A3-A41C6444C6A5}"
EndProject
Project("{FAE04EC0-301F-11D3-BF4B-00C04F79EFBC}") = "SteamLanguageParser", "..\Resources\SteamLanguageParser\SteamLanguageParser.csproj", "{EBF5B7D5-58F4-4F68-A997-1BE71A72F078}"
EndProject
Project("{FAE04EC0-301F-11D3-BF4B-00C04F79EFBC}") = "Vapor", "..\Projects\Vapor\Vapor\Vapor.csproj", "{D5D926AB-4C3F-43A7-A513-A4BF4157E6CC}"
EndProject
Project("{FAE04EC0-301F-11D3-BF4B-00C04F79EFBC}") = "protobuf-net", "..\Resources\protobuf-net\protobuf-net\protobuf-net.csproj", "{8374E4D7-2A91-48F1-9360-09B09CF27C3F}"
EndProject
Global
	GlobalSection(SolutionConfigurationPlatforms) = preSolution
		Debug|Any CPU = Debug|Any CPU
		Release|Any CPU = Release|Any CPU
	EndGlobalSection
	GlobalSection(ProjectConfigurationPlatforms) = postSolution
		{BEB5BF07-BB56-402A-97A3-A41C6444C6A5}.Debug|Any CPU.ActiveCfg = Debug|Any CPU
		{BEB5BF07-BB56-402A-97A3-A41C6444C6A5}.Debug|Any CPU.Build.0 = Debug|Any CPU
		{BEB5BF07-BB56-402A-97A3-A41C6444C6A5}.Release|Any CPU.ActiveCfg = Release|Any CPU
		{BEB5BF07-BB56-402A-97A3-A41C6444C6A5}.Release|Any CPU.Build.0 = Release|Any CPU
		{EBF5B7D5-58F4-4F68-A997-1BE71A72F078}.Debug|Any CPU.ActiveCfg = Debug|Any CPU
		{EBF5B7D5-58F4-4F68-A997-1BE71A72F078}.Release|Any CPU.ActiveCfg = Release|Any CPU
		{D5D926AB-4C3F-43A7-A513-A4BF4157E6CC}.Debug|Any CPU.ActiveCfg = Debug|Any CPU
		{D5D926AB-4C3F-43A7-A513-A4BF4157E6CC}.Debug|Any CPU.Build.0 = Debug|Any CPU
		{D5D926AB-4C3F-43A7-A513-A4BF4157E6CC}.Release|Any CPU.ActiveCfg = Release|Any CPU
		{D5D926AB-4C3F-43A7-A513-A4BF4157E6CC}.Release|Any CPU.Build.0 = Release|Any CPU
		{8374E4D7-2A91-48F1-9360-09B09CF27C3F}.Debug|Any CPU.ActiveCfg = Debug|Any CPU
		{8374E4D7-2A91-48F1-9360-09B09CF27C3F}.Debug|Any CPU.Build.0 = Debug|Any CPU
		{8374E4D7-2A91-48F1-9360-09B09CF27C3F}.Release|Any CPU.ActiveCfg = Release|Any CPU
		{8374E4D7-2A91-48F1-9360-09B09CF27C3F}.Release|Any CPU.Build.0 = Release|Any CPU
	EndGlobalSection
	GlobalSection(SolutionProperties) = preSolution
		HideSolutionNode = FALSE
	EndGlobalSection
EndGlobal
