
Microsoft Visual Studio Solution File, Format Version 12.00
# Visual Studio 15
VisualStudioVersion = 15.0.26228.4
MinimumVisualStudioVersion = 10.0.40219.1
Project("{2150E333-8FDC-42A3-9474-1A3956D46DE8}") = "Steam Language", "Steam Language", "{9B9ED32F-938F-4CC1-B3EC-AE94BB102FC1}"
	ProjectSection(SolutionItems) = preProject
		..\Resources\SteamLanguage\emsg.steamd = ..\Resources\SteamLanguage\emsg.steamd
		..\Resources\SteamLanguage\enums.steamd = ..\Resources\SteamLanguage\enums.steamd
		..\Resources\SteamLanguage\eresult.steamd = ..\Resources\SteamLanguage\eresult.steamd
		..\Resources\SteamLanguage\gamecoordinator.steamd = ..\Resources\SteamLanguage\gamecoordinator.steamd
		..\Resources\SteamLanguage\header.steamd = ..\Resources\SteamLanguage\header.steamd
		..\Resources\SteamLanguage\netheader.steamd = ..\Resources\SteamLanguage\netheader.steamd
		..\Resources\SteamLanguage\steammsg.steamd = ..\Resources\SteamLanguage\steammsg.steamd
	EndProjectSection
EndProject
Project("{9A19103F-16F7-4668-BE54-9A1E7A4F7556}") = "SteamKit2", "SteamKit2\SteamKit2.csproj", "{4B2B0365-DE37-4B65-B614-3E4E7C05147D}"
EndProject
Project("{9A19103F-16F7-4668-BE54-9A1E7A4F7556}") = "SteamLanguageParser", "..\Resources\SteamLanguageParser\SteamLanguageParser.csproj", "{CCAB4961-4C59-4400-978B-7D9552AE2296}"
EndProject
Project("{9A19103F-16F7-4668-BE54-9A1E7A4F7556}") = "Tests", "Tests\Tests.csproj", "{5BF6D076-399B-41CA-BAE7-37CE1C40CA67}"
EndProject
Global
	GlobalSection(SolutionConfigurationPlatforms) = preSolution
		Debug|Any CPU = Debug|Any CPU
		Debug|Mixed Platforms = Debug|Mixed Platforms
		Debug|x86 = Debug|x86
		Release|Any CPU = Release|Any CPU
		Release|Mixed Platforms = Release|Mixed Platforms
		Release|x86 = Release|x86
	EndGlobalSection
	GlobalSection(ProjectConfigurationPlatforms) = postSolution
		{4B2B0365-DE37-4B65-B614-3E4E7C05147D}.Debug|Any CPU.ActiveCfg = Debug|Any CPU
		{4B2B0365-DE37-4B65-B614-3E4E7C05147D}.Debug|Any CPU.Build.0 = Debug|Any CPU
		{4B2B0365-DE37-4B65-B614-3E4E7C05147D}.Debug|Mixed Platforms.ActiveCfg = Debug|Any CPU
		{4B2B0365-DE37-4B65-B614-3E4E7C05147D}.Debug|Mixed Platforms.Build.0 = Debug|Any CPU
		{4B2B0365-DE37-4B65-B614-3E4E7C05147D}.Debug|x86.ActiveCfg = Debug|Any CPU
		{4B2B0365-DE37-4B65-B614-3E4E7C05147D}.Release|Any CPU.ActiveCfg = Release|Any CPU
		{4B2B0365-DE37-4B65-B614-3E4E7C05147D}.Release|Any CPU.Build.0 = Release|Any CPU
		{4B2B0365-DE37-4B65-B614-3E4E7C05147D}.Release|Mixed Platforms.ActiveCfg = Release|Any CPU
		{4B2B0365-DE37-4B65-B614-3E4E7C05147D}.Release|Mixed Platforms.Build.0 = Release|Any CPU
		{4B2B0365-DE37-4B65-B614-3E4E7C05147D}.Release|x86.ActiveCfg = Release|Any CPU
		{CCAB4961-4C59-4400-978B-7D9552AE2296}.Debug|Any CPU.ActiveCfg = Debug|Any CPU
		{CCAB4961-4C59-4400-978B-7D9552AE2296}.Debug|Any CPU.Build.0 = Debug|Any CPU
		{CCAB4961-4C59-4400-978B-7D9552AE2296}.Debug|Mixed Platforms.ActiveCfg = Debug|Any CPU
		{CCAB4961-4C59-4400-978B-7D9552AE2296}.Debug|Mixed Platforms.Build.0 = Debug|Any CPU
		{CCAB4961-4C59-4400-978B-7D9552AE2296}.Debug|x86.ActiveCfg = Debug|Any CPU
		{CCAB4961-4C59-4400-978B-7D9552AE2296}.Release|Any CPU.ActiveCfg = Release|Any CPU
		{CCAB4961-4C59-4400-978B-7D9552AE2296}.Release|Any CPU.Build.0 = Release|Any CPU
		{CCAB4961-4C59-4400-978B-7D9552AE2296}.Release|Mixed Platforms.ActiveCfg = Release|Any CPU
		{CCAB4961-4C59-4400-978B-7D9552AE2296}.Release|Mixed Platforms.Build.0 = Release|Any CPU
		{CCAB4961-4C59-4400-978B-7D9552AE2296}.Release|x86.ActiveCfg = Release|Any CPU
		{5BF6D076-399B-41CA-BAE7-37CE1C40CA67}.Debug|Any CPU.ActiveCfg = Debug|Any CPU
		{5BF6D076-399B-41CA-BAE7-37CE1C40CA67}.Debug|Any CPU.Build.0 = Debug|Any CPU
		{5BF6D076-399B-41CA-BAE7-37CE1C40CA67}.Debug|Mixed Platforms.ActiveCfg = Debug|Any CPU
		{5BF6D076-399B-41CA-BAE7-37CE1C40CA67}.Debug|Mixed Platforms.Build.0 = Debug|Any CPU
		{5BF6D076-399B-41CA-BAE7-37CE1C40CA67}.Debug|x86.ActiveCfg = Debug|Any CPU
		{5BF6D076-399B-41CA-BAE7-37CE1C40CA67}.Release|Any CPU.ActiveCfg = Release|Any CPU
		{5BF6D076-399B-41CA-BAE7-37CE1C40CA67}.Release|Mixed Platforms.ActiveCfg = Release|Any CPU
		{5BF6D076-399B-41CA-BAE7-37CE1C40CA67}.Release|x86.ActiveCfg = Release|Any CPU
	EndGlobalSection
	GlobalSection(SolutionProperties) = preSolution
		HideSolutionNode = FALSE
	EndGlobalSection
	GlobalSection(ExtensibilityGlobals) = postSolution
		SolutionGuid = {277A6264-ED96-4C3E-A0EB-4BEE80E49334}
	EndGlobalSection
EndGlobal
