
Microsoft Visual Studio Solution File, Format Version 12.00
# Visual Studio 2013
VisualStudioVersion = 12.0.30501.0
MinimumVisualStudioVersion = 10.0.40219.1
Project("{FAE04EC0-301F-11D3-BF4B-00C04F79EFBC}") = "DotaBot", "DotaBot.csproj", "{B12D7E0C-A353-4771-8C7F-09D029B1DA7E}"
EndProject
Project("{FAE04EC0-301F-11D3-BF4B-00C04F79EFBC}") = "BotTest", "..\BotTest\BotTest.csproj", "{06A8E3B5-1044-4B5A-88B1-7DFCABC68778}"
EndProject
Project("{2150E333-8FDC-42A3-9474-1A3956D46DE8}") = ".nuget", ".nuget", "{3677B6BC-B7E6-40D0-AD5A-78187C59529F}"
	ProjectSection(SolutionItems) = preProject
		.nuget\NuGet.Config = .nuget\NuGet.Config
		.nuget\NuGet.exe = .nuget\NuGet.exe
		.nuget\NuGet.targets = .nuget\NuGet.targets
	EndProjectSection
EndProject
Project("{FAE04EC0-301F-11D3-BF4B-00C04F79EFBC}") = "SteamKit2", "..\..\SteamKit2\SteamKit2\SteamKit2.csproj", "{BEB5BF07-BB56-402A-97A3-A41C6444C6A5}"
EndProject
Global
	GlobalSection(SolutionConfigurationPlatforms) = preSolution
		Debug|Any CPU = Debug|Any CPU
		Release|Any CPU = Release|Any CPU
	EndGlobalSection
	GlobalSection(ProjectConfigurationPlatforms) = postSolution
		{B12D7E0C-A353-4771-8C7F-09D029B1DA7E}.Debug|Any CPU.ActiveCfg = Debug|Any CPU
		{B12D7E0C-A353-4771-8C7F-09D029B1DA7E}.Debug|Any CPU.Build.0 = Debug|Any CPU
		{B12D7E0C-A353-4771-8C7F-09D029B1DA7E}.Release|Any CPU.ActiveCfg = Release|Any CPU
		{B12D7E0C-A353-4771-8C7F-09D029B1DA7E}.Release|Any CPU.Build.0 = Release|Any CPU
		{06A8E3B5-1044-4B5A-88B1-7DFCABC68778}.Debug|Any CPU.ActiveCfg = Debug|Any CPU
		{06A8E3B5-1044-4B5A-88B1-7DFCABC68778}.Debug|Any CPU.Build.0 = Debug|Any CPU
		{06A8E3B5-1044-4B5A-88B1-7DFCABC68778}.Release|Any CPU.ActiveCfg = Release|Any CPU
		{06A8E3B5-1044-4B5A-88B1-7DFCABC68778}.Release|Any CPU.Build.0 = Release|Any CPU
		{BEB5BF07-BB56-402A-97A3-A41C6444C6A5}.Debug|Any CPU.ActiveCfg = Debug|Any CPU
		{BEB5BF07-BB56-402A-97A3-A41C6444C6A5}.Debug|Any CPU.Build.0 = Debug|Any CPU
		{BEB5BF07-BB56-402A-97A3-A41C6444C6A5}.Release|Any CPU.ActiveCfg = Release|Any CPU
		{BEB5BF07-BB56-402A-97A3-A41C6444C6A5}.Release|Any CPU.Build.0 = Release|Any CPU
	EndGlobalSection
	GlobalSection(SolutionProperties) = preSolution
		HideSolutionNode = FALSE
	EndGlobalSection
	GlobalSection(MonoDevelopProperties) = preSolution
		StartupItem = ..\BotTest\BotTest.csproj
	EndGlobalSection
EndGlobal
